# This file is automatically @generated by Cargo.
# It is not intended for manual editing.
[[package]]
name = "integer-sqrt"
version = "0.1.2"
source = "registry+https://github.com/rust-lang/crates.io-index"

[[package]]
name = "prime"
version = "0.1.0"
dependencies = [
 "integer-sqrt 0.1.2 (registry+https://github.com/rust-lang/crates.io-index)",
]

[metadata]
"checksum integer-sqrt 0.1.2 (registry+https://github.com/rust-lang/crates.io-index)" = "ea155abb3ba6f382a75f1418988c05fe82959ed9ce727de427f9cfd425b0c903"
